Microsoft Visual Studio Solution File, Format Version 11.00
# Visual Studio 2008

Project("{13671739-EAC6-692C-B3A6-277B3C9502B9}") = "virtualations_broadcaster", "Assembly-CSharp-firstpass.csproj", "{32CE5E8E-6D9E-44A6-D8AE-EB85F29C5D44}"
EndProject
Project("{13671739-EAC6-692C-B3A6-277B3C9502B9}") = "virtualations_broadcaster", "Assembly-CSharp.csproj", "{FB846FF1-4F3D-A240-272A-64CB1E0F45E3}"
EndProject
Project("{13671739-EAC6-692C-B3A6-277B3C9502B9}") = "virtualations_broadcaster", "Assembly-CSharp-Editor-firstpass.csproj", "{61BB6E8C-AE87-8BDD-95E7-018AF7243758}"
EndProject
Project("{13671739-EAC6-692C-B3A6-277B3C9502B9}") = "virtualations_broadcaster", "Assembly-CSharp-Editor.csproj", "{93C2CA1E-5173-8D09-C367-9415787DD9EE}"
EndProject
Project("{13671739-EAC6-692C-B3A6-277B3C9502B9}") = "virtualations_broadcaster", "Assembly-UnityScript.unityproj", "{CE723DB0-CCFC-3D0A-306F-4DE35C1A17C1}"
EndProject
Global
	GlobalSection(SolutionConfigurationPlatforms) = preSolution
		Debug|Any CPU = Debug|Any CPU
		Release|Any CPU = Release|Any CPU
	EndGlobalSection
	GlobalSection(ProjectConfigurationPlatforms) = postSolution
		{32CE5E8E-6D9E-44A6-D8AE-EB85F29C5D44}.Debug|Any CPU.ActiveCfg = Debug|Any CPU
		{32CE5E8E-6D9E-44A6-D8AE-EB85F29C5D44}.Debug|Any CPU.Build.0 = Debug|Any CPU
		{32CE5E8E-6D9E-44A6-D8AE-EB85F29C5D44}.Release|Any CPU.ActiveCfg = Release|Any CPU
		{32CE5E8E-6D9E-44A6-D8AE-EB85F29C5D44}.Release|Any CPU.Build.0 = Release|Any CPU
		{FB846FF1-4F3D-A240-272A-64CB1E0F45E3}.Debug|Any CPU.ActiveCfg = Debug|Any CPU
		{FB846FF1-4F3D-A240-272A-64CB1E0F45E3}.Debug|Any CPU.Build.0 = Debug|Any CPU
		{FB846FF1-4F3D-A240-272A-64CB1E0F45E3}.Release|Any CPU.ActiveCfg = Release|Any CPU
		{FB846FF1-4F3D-A240-272A-64CB1E0F45E3}.Release|Any CPU.Build.0 = Release|Any CPU
		{61BB6E8C-AE87-8BDD-95E7-018AF7243758}.Debug|Any CPU.ActiveCfg = Debug|Any CPU
		{61BB6E8C-AE87-8BDD-95E7-018AF7243758}.Debug|Any CPU.Build.0 = Debug|Any CPU
		{61BB6E8C-AE87-8BDD-95E7-018AF7243758}.Release|Any CPU.ActiveCfg = Release|Any CPU
		{61BB6E8C-AE87-8BDD-95E7-018AF7243758}.Release|Any CPU.Build.0 = Release|Any CPU
		{93C2CA1E-5173-8D09-C367-9415787DD9EE}.Debug|Any CPU.ActiveCfg = Debug|Any CPU
		{93C2CA1E-5173-8D09-C367-9415787DD9EE}.Debug|Any CPU.Build.0 = Debug|Any CPU
		{93C2CA1E-5173-8D09-C367-9415787DD9EE}.Release|Any CPU.ActiveCfg = Release|Any CPU
		{93C2CA1E-5173-8D09-C367-9415787DD9EE}.Release|Any CPU.Build.0 = Release|Any CPU
		{CE723DB0-CCFC-3D0A-306F-4DE35C1A17C1}.Debug|Any CPU.ActiveCfg = Debug|Any CPU
		{CE723DB0-CCFC-3D0A-306F-4DE35C1A17C1}.Debug|Any CPU.Build.0 = Debug|Any CPU
		{CE723DB0-CCFC-3D0A-306F-4DE35C1A17C1}.Release|Any CPU.ActiveCfg = Release|Any CPU
		{CE723DB0-CCFC-3D0A-306F-4DE35C1A17C1}.Release|Any CPU.Build.0 = Release|Any CPU
	EndGlobalSection
	GlobalSection(SolutionProperties) = preSolution
		HideSolutionNode = FALSE
	EndGlobalSection
							GlobalSection(MonoDevelopProperties) = preSolution
		StartupItem = Assembly-CSharp.csproj
		Policies = $0
		$0.TextStylePolicy = $1
		$1.inheritsSet = null
		$1.scope = text/x-csharp
		$0.CSharpFormattingPolicy = $2
		$2.inheritsSet = Mono
		$2.inheritsScope = text/x-csharp
		$2.scope = text/x-csharp
		$0.TextStylePolicy = $3
		$3.FileWidth = 120
		$3.TabWidth = 4
		$3.IndentWidth = 4
		$3.EolMarker = Unix
		$3.inheritsSet = Mono
		$3.inheritsScope = text/plain
		$3.scope = text/plain
	EndGlobalSection

EndGlobal
