Microsoft Visual Studio Solution File, Format Version 11.00
# Visual Studio 2008

Project("{46D0408E-4893-56D3-4218-89C887E3F2E8}") = "KinectVR-broadcaster", "Assembly-CSharp-firstpass.csproj", "{C7394B03-444D-97CC-D035-569A005948CF}"
EndProject
Project("{46D0408E-4893-56D3-4218-89C887E3F2E8}") = "KinectVR-broadcaster", "Assembly-CSharp.csproj", "{76E066D7-AF61-A971-C20B-17DFF07C1C2D}"
EndProject
Project("{46D0408E-4893-56D3-4218-89C887E3F2E8}") = "KinectVR-broadcaster", "Assembly-CSharp-Editor-firstpass.csproj", "{82BEEFBE-7EAB-A78F-5FB4-6F0A37D1ABA0}"
EndProject
Project("{46D0408E-4893-56D3-4218-89C887E3F2E8}") = "KinectVR-broadcaster", "Assembly-CSharp-Editor.csproj", "{442D2A65-B6AA-6CBF-D89D-69691A920C28}"
EndProject
Project("{46D0408E-4893-56D3-4218-89C887E3F2E8}") = "KinectVR-broadcaster", "Assembly-UnityScript.unityproj", "{26E4CE9F-4291-C491-3363-E84F3941B7ED}"
EndProject
Global
	GlobalSection(SolutionConfigurationPlatforms) = preSolution
		Debug|Any CPU = Debug|Any CPU
		Release|Any CPU = Release|Any CPU
	EndGlobalSection
	GlobalSection(ProjectConfigurationPlatforms) = postSolution
		{C7394B03-444D-97CC-D035-569A005948CF}.Debug|Any CPU.ActiveCfg = Debug|Any CPU
		{C7394B03-444D-97CC-D035-569A005948CF}.Debug|Any CPU.Build.0 = Debug|Any CPU
		{C7394B03-444D-97CC-D035-569A005948CF}.Release|Any CPU.ActiveCfg = Release|Any CPU
		{C7394B03-444D-97CC-D035-569A005948CF}.Release|Any CPU.Build.0 = Release|Any CPU
		{76E066D7-AF61-A971-C20B-17DFF07C1C2D}.Debug|Any CPU.ActiveCfg = Debug|Any CPU
		{76E066D7-AF61-A971-C20B-17DFF07C1C2D}.Debug|Any CPU.Build.0 = Debug|Any CPU
		{76E066D7-AF61-A971-C20B-17DFF07C1C2D}.Release|Any CPU.ActiveCfg = Release|Any CPU
		{76E066D7-AF61-A971-C20B-17DFF07C1C2D}.Release|Any CPU.Build.0 = Release|Any CPU
		{82BEEFBE-7EAB-A78F-5FB4-6F0A37D1ABA0}.Debug|Any CPU.ActiveCfg = Debug|Any CPU
		{82BEEFBE-7EAB-A78F-5FB4-6F0A37D1ABA0}.Debug|Any CPU.Build.0 = Debug|Any CPU
		{82BEEFBE-7EAB-A78F-5FB4-6F0A37D1ABA0}.Release|Any CPU.ActiveCfg = Release|Any CPU
		{82BEEFBE-7EAB-A78F-5FB4-6F0A37D1ABA0}.Release|Any CPU.Build.0 = Release|Any CPU
		{442D2A65-B6AA-6CBF-D89D-69691A920C28}.Debug|Any CPU.ActiveCfg = Debug|Any CPU
		{442D2A65-B6AA-6CBF-D89D-69691A920C28}.Debug|Any CPU.Build.0 = Debug|Any CPU
		{442D2A65-B6AA-6CBF-D89D-69691A920C28}.Release|Any CPU.ActiveCfg = Release|Any CPU
		{442D2A65-B6AA-6CBF-D89D-69691A920C28}.Release|Any CPU.Build.0 = Release|Any CPU
		{26E4CE9F-4291-C491-3363-E84F3941B7ED}.Debug|Any CPU.ActiveCfg = Debug|Any CPU
		{26E4CE9F-4291-C491-3363-E84F3941B7ED}.Debug|Any CPU.Build.0 = Debug|Any CPU
		{26E4CE9F-4291-C491-3363-E84F3941B7ED}.Release|Any CPU.ActiveCfg = Release|Any CPU
		{26E4CE9F-4291-C491-3363-E84F3941B7ED}.Release|Any CPU.Build.0 = Release|Any CPU
	EndGlobalSection
	GlobalSection(SolutionProperties) = preSolution
		HideSolutionNode = FALSE
	EndGlobalSection
	GlobalSection(MonoDevelopProperties) = preSolution
		StartupItem = Assembly-CSharp.csproj
	EndGlobalSection
EndGlobal
